// !$*UTF8*$!
{
	archiveVersion = 1;
	classes = {
	};
	objectVersion = 56;
	objects = {

/* Begin PBXBuildFile section */
		A9F093E92C76FB7A001C1058 /* SnakeApp.swift in Sources */ = {isa = PBXBuildFile; fileRef = A9F093E82C76FB7A001C1058 /* SnakeApp.swift */; };
		A9F093EB2C76FB7A001C1058 /* ContentView.swift in Sources */ = {isa = PBXBuildFile; fileRef = A9F093EA2C76FB7A001C1058 /* ContentView.swift */; };
		A9F093ED2C76FB7C001C1058 /* Assets.xcassets in Resources */ = {isa = PBXBuildFile; fileRef = A9F093EC2C76FB7C001C1058 /* Assets.xcassets */; };
		A9F093F02C76FB7C001C1058 /* Preview Assets.xcassets in Resources */ = {isa = PBXBuildFile; fileRef = A9F093EF2C76FB7C001C1058 /* Preview Assets.xcassets */; };
		A9F093F72C77217A001C1058 /* Matrix.metal in Sources */ = {isa = PBXBuildFile; fileRef = A9F093F62C77217A001C1058 /* Matrix.metal */; };
		A9F093FB2C7721CA001C1058 /* View+Shader.swift in Sources */ = {isa = PBXBuildFile; fileRef = A9F093FA2C7721CA001C1058 /* View+Shader.swift */; };
		A9F094012C7755B6001C1058 /* Game.swift in Sources */ = {isa = PBXBuildFile; fileRef = A9F094002C7755B6001C1058 /* Game.swift */; };
		A9F094032C7755C8001C1058 /* Direction.swift in Sources */ = {isa = PBXBuildFile; fileRef = A9F094022C7755C8001C1058 /* Direction.swift */; };
		A9F094052C7755D3001C1058 /* Cell.swift in Sources */ = {isa = PBXBuildFile; fileRef = A9F094042C7755D3001C1058 /* Cell.swift */; };
		A9F094072C775838001C1058 /* Components.swift in Sources */ = {isa = PBXBuildFile; fileRef = A9F094062C775838001C1058 /* Components.swift */; };
		A9F094092C779AAB001C1058 /* Score.swift in Sources */ = {isa = PBXBuildFile; fileRef = A9F094082C779AAB001C1058 /* Score.swift */; };
		A9F0940B2C779AB8001C1058 /* Food.swift in Sources */ = {isa = PBXBuildFile; fileRef = A9F0940A2C779AB8001C1058 /* Food.swift */; };
		A9F0940D2C779AC6001C1058 /* Snake.swift in Sources */ = {isa = PBXBuildFile; fileRef = A9F0940C2C779AC6001C1058 /* Snake.swift */; };
/* End PBXBuildFile section */

/* Begin PBXFileReference section */
		A9F093E52C76FB7A001C1058 /* Snake.app */ = {isa = PBXFileReference; explicitFileType = wrapper.application; includeInIndex = 0; path = Snake.app; sourceTree = BUILT_PRODUCTS_DIR; };
		A9F093E82C76FB7A001C1058 /* SnakeApp.swift */ = {isa = PBXFileReference; lastKnownFileType = sourcecode.swift; path = SnakeApp.swift; sourceTree = "<group>"; };
		A9F093EA2C76FB7A001C1058 /* ContentView.swift */ = {isa = PBXFileReference; lastKnownFileType = sourcecode.swift; path = ContentView.swift; sourceTree = "<group>"; };
		A9F093EC2C76FB7C001C1058 /* Assets.xcassets */ = {isa = PBXFileReference; lastKnownFileType = folder.assetcatalog; path = Assets.xcassets; sourceTree = "<group>"; };
		A9F093EF2C76FB7C001C1058 /* Preview Assets.xcassets */ = {isa = PBXFileReference; lastKnownFileType = folder.assetcatalog; path = "Preview Assets.xcassets"; sourceTree = "<group>"; };
		A9F093F62C77217A001C1058 /* Matrix.metal */ = {isa = PBXFileReference; lastKnownFileType = sourcecode.metal; path = Matrix.metal; sourceTree = "<group>"; };
		A9F093FA2C7721CA001C1058 /* View+Shader.swift */ = {isa = PBXFileReference; lastKnownFileType = sourcecode.swift; path = "View+Shader.swift"; sourceTree = "<group>"; };
		A9F094002C7755B6001C1058 /* Game.swift */ = {isa = PBXFileReference; lastKnownFileType = sourcecode.swift; path = Game.swift; sourceTree = "<group>"; };
		A9F094022C7755C8001C1058 /* Direction.swift */ = {isa = PBXFileReference; lastKnownFileType = sourcecode.swift; path = Direction.swift; sourceTree = "<group>"; };
		A9F094042C7755D3001C1058 /* Cell.swift */ = {isa = PBXFileReference; lastKnownFileType = sourcecode.swift; path = Cell.swift; sourceTree = "<group>"; };
		A9F094062C775838001C1058 /* Components.swift */ = {isa = PBXFileReference; lastKnownFileType = sourcecode.swift; path = Components.swift; sourceTree = "<group>"; };
		A9F094082C779AAB001C1058 /* Score.swift */ = {isa = PBXFileReference; lastKnownFileType = sourcecode.swift; path = Score.swift; sourceTree = "<group>"; };
		A9F0940A2C779AB8001C1058 /* Food.swift */ = {isa = PBXFileReference; lastKnownFileType = sourcecode.swift; path = Food.swift; sourceTree = "<group>"; };
		A9F0940C2C779AC6001C1058 /* Snake.swift */ = {isa = PBXFileReference; lastKnownFileType = sourcecode.swift; path = Snake.swift; sourceTree = "<group>"; };
		A9F0940E2C77B5A5001C1058 /* README.md */ = {isa = PBXFileReference; lastKnownFileType = net.daringfireball.markdown; path = README.md; sourceTree = "<group>"; };
/* End PBXFileReference section */

/* Begin PBXFrameworksBuildPhase section */
		A9F093E22C76FB7A001C1058 /* Frameworks */ = {
			isa = PBXFrameworksBuildPhase;
			buildActionMask = 2147483647;
			files = (
			);
			runOnlyForDeploymentPostprocessing = 0;
		};
/* End PBXFrameworksBuildPhase section */

/* Begin PBXGroup section */
		A9F093DC2C76FB7A001C1058 = {
			isa = PBXGroup;
			children = (
				A9F0940E2C77B5A5001C1058 /* README.md */,
				A9F093E72C76FB7A001C1058 /* Snake */,
				A9F093E62C76FB7A001C1058 /* Products */,
			);
			sourceTree = "<group>";
		};
		A9F093E62C76FB7A001C1058 /* Products */ = {
			isa = PBXGroup;
			children = (
				A9F093E52C76FB7A001C1058 /* Snake.app */,
			);
			name = Products;
			sourceTree = "<group>";
		};
		A9F093E72C76FB7A001C1058 /* Snake */ = {
			isa = PBXGroup;
			children = (
				A9F093E82C76FB7A001C1058 /* SnakeApp.swift */,
				A9F093EA2C76FB7A001C1058 /* ContentView.swift */,
				A9F094062C775838001C1058 /* Components.swift */,
				A9F094002C7755B6001C1058 /* Game.swift */,
				A9F094022C7755C8001C1058 /* Direction.swift */,
				A9F094082C779AAB001C1058 /* Score.swift */,
				A9F0940A2C779AB8001C1058 /* Food.swift */,
				A9F0940C2C779AC6001C1058 /* Snake.swift */,
				A9F094042C7755D3001C1058 /* Cell.swift */,
				A9F093FA2C7721CA001C1058 /* View+Shader.swift */,
				A9F093F62C77217A001C1058 /* Matrix.metal */,
				A9F093EC2C76FB7C001C1058 /* Assets.xcassets */,
				A9F093EE2C76FB7C001C1058 /* Preview Content */,
			);
			path = Snake;
			sourceTree = "<group>";
		};
		A9F093EE2C76FB7C001C1058 /* Preview Content */ = {
			isa = PBXGroup;
			children = (
				A9F093EF2C76FB7C001C1058 /* Preview Assets.xcassets */,
			);
			path = "Preview Content";
			sourceTree = "<group>";
		};
/* End PBXGroup section */

/* Begin PBXNativeTarget section */
		A9F093E42C76FB7A001C1058 /* Snake */ = {
			isa = PBXNativeTarget;
			buildConfigurationList = A9F093F32C76FB7C001C1058 /* Build configuration list for PBXNativeTarget "Snake" */;
			buildPhases = (
				A9F093E12C76FB7A001C1058 /* Sources */,
				A9F093E22C76FB7A001C1058 /* Frameworks */,
				A9F093E32C76FB7A001C1058 /* Resources */,
			);
			buildRules = (
			);
			dependencies = (
			);
			name = Snake;
			productName = Snake;
			productReference = A9F093E52C76FB7A001C1058 /* Snake.app */;
			productType = "com.apple.product-type.application";
		};
/* End PBXNativeTarget section */

/* Begin PBXProject section */
		A9F093DD2C76FB7A001C1058 /* Project object */ = {
			isa = PBXProject;
			attributes = {
				BuildIndependentTargetsInParallel = 1;
				LastSwiftUpdateCheck = 1540;
				LastUpgradeCheck = 1540;
				TargetAttributes = {
					A9F093E42C76FB7A001C1058 = {
						CreatedOnToolsVersion = 15.4;
					};
				};
			};
			buildConfigurationList = A9F093E02C76FB7A001C1058 /* Build configuration list for PBXProject "Snake" */;
			compatibilityVersion = "Xcode 14.0";
			developmentRegion = en;
			hasScannedForEncodings = 0;
			knownRegions = (
				en,
				Base,
			);
			mainGroup = A9F093DC2C76FB7A001C1058;
			productRefGroup = A9F093E62C76FB7A001C1058 /* Products */;
			projectDirPath = "";
			projectRoot = "";
			targets = (
				A9F093E42C76FB7A001C1058 /* Snake */,
			);
		};
/* End PBXProject section */

/* Begin PBXResourcesBuildPhase section */
		A9F093E32C76FB7A001C1058 /* Resources */ = {
			isa = PBXResourcesBuildPhase;
			buildActionMask = 2147483647;
			files = (
				A9F093F02C76FB7C001C1058 /* Preview Assets.xcassets in Resources */,
				A9F093ED2C76FB7C001C1058 /* Assets.xcassets in Resources */,
			);
			runOnlyForDeploymentPostprocessing = 0;
		};
/* End PBXResourcesBuildPhase section */

/* Begin PBXSourcesBuildPhase section */
		A9F093E12C76FB7A001C1058 /* Sources */ = {
			isa = PBXSourcesBuildPhase;
			buildActionMask = 2147483647;
			files = (
				A9F093EB2C76FB7A001C1058 /* ContentView.swift in Sources */,
				A9F094072C775838001C1058 /* Components.swift in Sources */,
				A9F094012C7755B6001C1058 /* Game.swift in Sources */,
				A9F094052C7755D3001C1058 /* Cell.swift in Sources */,
				A9F093F72C77217A001C1058 /* Matrix.metal in Sources */,
				A9F093FB2C7721CA001C1058 /* View+Shader.swift in Sources */,
				A9F093E92C76FB7A001C1058 /* SnakeApp.swift in Sources */,
				A9F0940B2C779AB8001C1058 /* Food.swift in Sources */,
				A9F094092C779AAB001C1058 /* Score.swift in Sources */,
				A9F0940D2C779AC6001C1058 /* Snake.swift in Sources */,
				A9F094032C7755C8001C1058 /* Direction.swift in Sources */,
			);
			runOnlyForDeploymentPostprocessing = 0;
		};
/* End PBXSourcesBuildPhase section */

/* Begin XCBuildConfiguration section */
		A9F093F12C76FB7C001C1058 /* Debug */ = {
			isa = XCBuildConfiguration;
			buildSettings = {
				ALWAYS_SEARCH_USER_PATHS = NO;
				ASSETCATALOG_COMPILER_GENERATE_SWIFT_ASSET_SYMBOL_EXTENSIONS = YES;
				CLANG_ANALYZER_NONNULL = YES;
				CLANG_ANALYZER_NUMBER_OBJECT_CONVERSION = YES_AGGRESSIVE;
				CLANG_CXX_LANGUAGE_STANDARD = "gnu++20";
				CLANG_ENABLE_MODULES = YES;
				CLANG_ENABLE_OBJC_ARC = YES;
				CLANG_ENABLE_OBJC_WEAK = YES;
				CLANG_WARN_BLOCK_CAPTURE_AUTORELEASING = YES;
				CLANG_WARN_BOOL_CONVERSION = YES;
				CLANG_WARN_COMMA = YES;
				CLANG_WARN_CONSTANT_CONVERSION = YES;
				CLANG_WARN_DEPRECATED_OBJC_IMPLEMENTATIONS = YES;
				CLANG_WARN_DIRECT_OBJC_ISA_USAGE = YES_ERROR;
				CLANG_WARN_DOCUMENTATION_COMMENTS = YES;
				CLANG_WARN_EMPTY_BODY = YES;
				CLANG_WARN_ENUM_CONVERSION = YES;
				CLANG_WARN_INFINITE_RECURSION = YES;
				CLANG_WARN_INT_CONVERSION = YES;
				CLANG_WARN_NON_LITERAL_NULL_CONVERSION = YES;
				CLANG_WARN_OBJC_IMPLICIT_RETAIN_SELF = YES;
				CLANG_WARN_OBJC_LITERAL_CONVERSION = YES;
				CLANG_WARN_OBJC_ROOT_CLASS = YES_ERROR;
				CLANG_WARN_QUOTED_INCLUDE_IN_FRAMEWORK_HEADER = YES;
				CLANG_WARN_RANGE_LOOP_ANALYSIS = YES;
				CLANG_WARN_STRICT_PROTOTYPES = YES;
				CLANG_WARN_SUSPICIOUS_MOVE = YES;
				CLANG_WARN_UNGUARDED_AVAILABILITY = YES_AGGRESSIVE;
				CLANG_WARN_UNREACHABLE_CODE = YES;
				CLANG_WARN__DUPLICATE_METHOD_MATCH = YES;
				COPY_PHASE_STRIP = NO;
				DEBUG_INFORMATION_FORMAT = dwarf;
				ENABLE_STRICT_OBJC_MSGSEND = YES;
				ENABLE_TESTABILITY = YES;
				ENABLE_USER_SCRIPT_SANDBOXING = YES;
				GCC_C_LANGUAGE_STANDARD = gnu17;
				GCC_DYNAMIC_NO_PIC = NO;
				GCC_NO_COMMON_BLOCKS = YES;
				GCC_OPTIMIZATION_LEVEL = 0;
				GCC_PREPROCESSOR_DEFINITIONS = (
					"DEBUG=1",
					"$(inherited)",
				);
				GCC_WARN_64_TO_32_BIT_CONVERSION = YES;
				GCC_WARN_ABOUT_RETURN_TYPE = YES_ERROR;
				GCC_WARN_UNDECLARED_SELECTOR = YES;
				GCC_WARN_UNINITIALIZED_AUTOS = YES_AGGRESSIVE;
				GCC_WARN_UNUSED_FUNCTION = YES;
				GCC_WARN_UNUSED_VARIABLE = YES;
				IPHONEOS_DEPLOYMENT_TARGET = 17.5;
				LOCALIZATION_PREFERS_STRING_CATALOGS = YES;
				MTL_ENABLE_DEBUG_INFO = INCLUDE_SOURCE;
				MTL_FAST_MATH = YES;
				ONLY_ACTIVE_ARCH = YES;
				SDKROOT = iphoneos;
				SWIFT_ACTIVE_COMPILATION_CONDITIONS = "DEBUG $(inherited)";
				SWIFT_OPTIMIZATION_LEVEL = "-Onone";
			};
			name = Debug;
		};
		A9F093F22C76FB7C001C1058 /* Release */ = {
			isa = XCBuildConfiguration;
			buildSettings = {
				ALWAYS_SEARCH_USER_PATHS = NO;
				ASSETCATALOG_COMPILER_GENERATE_SWIFT_ASSET_SYMBOL_EXTENSIONS = YES;
				CLANG_ANALYZER_NONNULL = YES;
				CLANG_ANALYZER_NUMBER_OBJECT_CONVERSION = YES_AGGRESSIVE;
				CLANG_CXX_LANGUAGE_STANDARD = "gnu++20";
				CLANG_ENABLE_MODULES = YES;
				CLANG_ENABLE_OBJC_ARC = YES;
				CLANG_ENABLE_OBJC_WEAK = YES;
				CLANG_WARN_BLOCK_CAPTURE_AUTORELEASING = YES;
				CLANG_WARN_BOOL_CONVERSION = YES;
				CLANG_WARN_COMMA = YES;
				CLANG_WARN_CONSTANT_CONVERSION = YES;
				CLANG_WARN_DEPRECATED_OBJC_IMPLEMENTATIONS = YES;
				CLANG_WARN_DIRECT_OBJC_ISA_USAGE = YES_ERROR;
				CLANG_WARN_DOCUMENTATION_COMMENTS = YES;
				CLANG_WARN_EMPTY_BODY = YES;
				CLANG_WARN_ENUM_CONVERSION = YES;
				CLANG_WARN_INFINITE_RECURSION = YES;
				CLANG_WARN_INT_CONVERSION = YES;
				CLANG_WARN_NON_LITERAL_NULL_CONVERSION = YES;
				CLANG_WARN_OBJC_IMPLICIT_RETAIN_SELF = YES;
				CLANG_WARN_OBJC_LITERAL_CONVERSION = YES;
				CLANG_WARN_OBJC_ROOT_CLASS = YES_ERROR;
				CLANG_WARN_QUOTED_INCLUDE_IN_FRAMEWORK_HEADER = YES;
				CLANG_WARN_RANGE_LOOP_ANALYSIS = YES;
				CLANG_WARN_STRICT_PROTOTYPES = YES;
				CLANG_WARN_SUSPICIOUS_MOVE = YES;
				CLANG_WARN_UNGUARDED_AVAILABILITY = YES_AGGRESSIVE;
				CLANG_WARN_UNREACHABLE_CODE = YES;
				CLANG_WARN__DUPLICATE_METHOD_MATCH = YES;
				COPY_PHASE_STRIP = NO;
				DEBUG_INFORMATION_FORMAT = "dwarf-with-dsym";
				ENABLE_NS_ASSERTIONS = NO;
				ENABLE_STRICT_OBJC_MSGSEND = YES;
				ENABLE_USER_SCRIPT_SANDBOXING = YES;
				GCC_C_LANGUAGE_STANDARD = gnu17;
				GCC_NO_COMMON_BLOCKS = YES;
				GCC_WARN_64_TO_32_BIT_CONVERSION = YES;
				GCC_WARN_ABOUT_RETURN_TYPE = YES_ERROR;
				GCC_WARN_UNDECLARED_SELECTOR = YES;
				GCC_WARN_UNINITIALIZED_AUTOS = YES_AGGRESSIVE;
				GCC_WARN_UNUSED_FUNCTION = YES;
				GCC_WARN_UNUSED_VARIABLE = YES;
				IPHONEOS_DEPLOYMENT_TARGET = 17.5;
				LOCALIZATION_PREFERS_STRING_CATALOGS = YES;
				MTL_ENABLE_DEBUG_INFO = NO;
				MTL_FAST_MATH = YES;
				SDKROOT = iphoneos;
				SWIFT_COMPILATION_MODE = wholemodule;
				VALIDATE_PRODUCT = YES;
			};
			name = Release;
		};
		A9F093F42C76FB7C001C1058 /* Debug */ = {
			isa = XCBuildConfiguration;
			buildSettings = {
				ASSETCATALOG_COMPILER_APPICON_NAME = AppIcon;
				ASSETCATALOG_COMPILER_GLOBAL_ACCENT_COLOR_NAME = AccentColor;
				CODE_SIGN_STYLE = Automatic;
				CURRENT_PROJECT_VERSION = 1;
				DEVELOPMENT_ASSET_PATHS = "\"Snake/Preview Content\"";
				DEVELOPMENT_TEAM = T3K58FE38R;
				ENABLE_PREVIEWS = YES;
				GENERATE_INFOPLIST_FILE = YES;
				INFOPLIST_KEY_UIApplicationSceneManifest_Generation = YES;
				INFOPLIST_KEY_UIApplicationSupportsIndirectInputEvents = YES;
				INFOPLIST_KEY_UILaunchScreen_Generation = YES;
				INFOPLIST_KEY_UISupportedInterfaceOrientations_iPad = "UIInterfaceOrientationPortrait UIInterfaceOrientationPortraitUpsideDown UIInterfaceOrientationLandscapeLeft UIInterfaceOrientationLandscapeRight";
				INFOPLIST_KEY_UISupportedInterfaceOrientations_iPhone = "UIInterfaceOrientationPortrait UIInterfaceOrientationLandscapeLeft UIInterfaceOrientationLandscapeRight";
				LD_RUNPATH_SEARCH_PATHS = (
					"$(inherited)",
					"@executable_path/Frameworks",
				);
				MARKETING_VERSION = 1.0;
				PRODUCT_BUNDLE_IDENTIFIER = eleev.dev.Snake;
				PRODUCT_NAME = "$(TARGET_NAME)";
				SWIFT_EMIT_LOC_STRINGS = YES;
				SWIFT_VERSION = 5.0;
				TARGETED_DEVICE_FAMILY = "1,2";
			};
			name = Debug;
		};
		A9F093F52C76FB7C001C1058 /* Release */ = {
			isa = XCBuildConfiguration;
			buildSettings = {
				ASSETCATALOG_COMPILER_APPICON_NAME = AppIcon;
				ASSETCATALOG_COMPILER_GLOBAL_ACCENT_COLOR_NAME = AccentColor;
				CODE_SIGN_STYLE = Automatic;
				CURRENT_PROJECT_VERSION = 1;
				DEVELOPMENT_ASSET_PATHS = "\"Snake/Preview Content\"";
				DEVELOPMENT_TEAM = T3K58FE38R;
				ENABLE_PREVIEWS = YES;
				GENERATE_INFOPLIST_FILE = YES;
				INFOPLIST_KEY_UIApplicationSceneManifest_Generation = YES;
				INFOPLIST_KEY_UIApplicationSupportsIndirectInputEvents = YES;
				INFOPLIST_KEY_UILaunchScreen_Generation = YES;
				INFOPLIST_KEY_UISupportedInterfaceOrientations_iPad = "UIInterfaceOrientationPortrait UIInterfaceOrientationPortraitUpsideDown UIInterfaceOrientationLandscapeLeft UIInterfaceOrientationLandscapeRight";
				INFOPLIST_KEY_UISupportedInterfaceOrientations_iPhone = "UIInterfaceOrientationPortrait UIInterfaceOrientationLandscapeLeft UIInterfaceOrientationLandscapeRight";
				LD_RUNPATH_SEARCH_PATHS = (
					"$(inherited)",
					"@executable_path/Frameworks",
				);
				MARKETING_VERSION = 1.0;
				PRODUCT_BUNDLE_IDENTIFIER = eleev.dev.Snake;
				PRODUCT_NAME = "$(TARGET_NAME)";
				SWIFT_EMIT_LOC_STRINGS = YES;
				SWIFT_VERSION = 5.0;
				TARGETED_DEVICE_FAMILY = "1,2";
			};
			name = Release;
		};
/* End XCBuildConfiguration section */

/* Begin XCConfigurationList section */
		A9F093E02C76FB7A001C1058 /* Build configuration list for PBXProject "Snake" */ = {
			isa = XCConfigurationList;
			buildConfigurations = (
				A9F093F12C76FB7C001C1058 /* Debug */,
				A9F093F22C76FB7C001C1058 /* Release */,
			);
			defaultConfigurationIsVisible = 0;
			defaultConfigurationName = Release;
		};
		A9F093F32C76FB7C001C1058 /* Build configuration list for PBXNativeTarget "Snake" */ = {
			isa = XCConfigurationList;
			buildConfigurations = (
				A9F093F42C76FB7C001C1058 /* Debug */,
				A9F093F52C76FB7C001C1058 /* Release */,
			);
			defaultConfigurationIsVisible = 0;
			defaultConfigurationName = Release;
		};
/* End XCConfigurationList section */
	};
	rootObject = A9F093DD2C76FB7A001C1058 /* Project object */;
}
